
Microsoft Visual Studio Solution File, Format Version 12.00
# Visual Studio Version 17
VisualStudioVersion = 17.3.32819.101
MinimumVisualStudioVersion = 10.0.40219.1
Project("{FAE04EC0-301F-11D3-BF4B-00C04F79EFBC}") = "AlphaTeam-AGyilkosJarat", "AlphaTeam-AGyilkosJarat\AlphaTeam-AGyilkosJarat.csproj", "{16BF6B93-E367-44FE-B6A7-67EB63F340EA}"
EndProject
Global
	GlobalSection(SolutionConfigurationPlatforms) = preSolution
		Debug|Any CPU = Debug|Any CPU
		Release|Any CPU = Release|Any CPU
	EndGlobalSection
	GlobalSection(ProjectConfigurationPlatforms) = postSolution
		{16BF6B93-E367-44FE-B6A7-67EB63F340EA}.Debug|Any CPU.ActiveCfg = Debug|Any CPU
		{16BF6B93-E367-44FE-B6A7-67EB63F340EA}.Debug|Any CPU.Build.0 = Debug|Any CPU
		{16BF6B93-E367-44FE-B6A7-67EB63F340EA}.Release|Any CPU.ActiveCfg = Release|Any CPU
		{16BF6B93-E367-44FE-B6A7-67EB63F340EA}.Release|Any CPU.Build.0 = Release|Any CPU
	EndGlobalSection
	GlobalSection(SolutionProperties) = preSolution
		HideSolutionNode = FALSE
	EndGlobalSection
	GlobalSection(ExtensibilityGlobals) = postSolution
		SolutionGuid = {9D4D7F5E-B54C-4322-BD90-77C8B6E9D317}
	EndGlobalSection
EndGlobal
